
Microsoft Visual Studio Solution File, Format Version 12.00
# Visual Studio 15
VisualStudioVersion = 15.0.27703.2042
MinimumVisualStudioVersion = 10.0.40219.1
Project("{9A19103F-16F7-4668-BE54-9A1E7A4F7556}") = "Payments", "Payments\Payments.csproj", "{E37EC023-A363-4D96-B031-FBC6D9C313BE}"
EndProject
Project("{2150E333-8FDC-42A3-9474-1A3956D46DE8}") = "Test", "Test", "{12B31486-3A33-4DE9-9D85-0C7912017ABE}"
EndProject
Project("{9A19103F-16F7-4668-BE54-9A1E7A4F7556}") = "PayTest", "PayTest\PayTest.csproj", "{92D7A085-EE34-4C33-A158-079A280F7AA1}"
EndProject
Global
	GlobalSection(SolutionConfigurationPlatforms) = preSolution
		Debug|Any CPU = Debug|Any CPU
		Release|Any CPU = Release|Any CPU
	EndGlobalSection
	GlobalSection(ProjectConfigurationPlatforms) = postSolution
		{E37EC023-A363-4D96-B031-FBC6D9C313BE}.Debug|Any CPU.ActiveCfg = Debug|Any CPU
		{E37EC023-A363-4D96-B031-FBC6D9C313BE}.Debug|Any CPU.Build.0 = Debug|Any CPU
		{E37EC023-A363-4D96-B031-FBC6D9C313BE}.Release|Any CPU.ActiveCfg = Release|Any CPU
		{E37EC023-A363-4D96-B031-FBC6D9C313BE}.Release|Any CPU.Build.0 = Release|Any CPU
		{92D7A085-EE34-4C33-A158-079A280F7AA1}.Debug|Any CPU.ActiveCfg = Debug|Any CPU
		{92D7A085-EE34-4C33-A158-079A280F7AA1}.Debug|Any CPU.Build.0 = Debug|Any CPU
		{92D7A085-EE34-4C33-A158-079A280F7AA1}.Release|Any CPU.ActiveCfg = Release|Any CPU
		{92D7A085-EE34-4C33-A158-079A280F7AA1}.Release|Any CPU.Build.0 = Release|Any CPU
	EndGlobalSection
	GlobalSection(SolutionProperties) = preSolution
		HideSolutionNode = FALSE
	EndGlobalSection
	GlobalSection(NestedProjects) = preSolution
		{92D7A085-EE34-4C33-A158-079A280F7AA1} = {12B31486-3A33-4DE9-9D85-0C7912017ABE}
	EndGlobalSection
	GlobalSection(ExtensibilityGlobals) = postSolution
		SolutionGuid = {2C289EA5-EBF0-4527-B673-2F6370CCC1D0}
	EndGlobalSection
EndGlobal
